
Microsoft Visual Studio Solution File, Format Version 12.00
# Visual Studio 15
VisualStudioVersion = 15.0.27130.2027
MinimumVisualStudioVersion = 10.0.40219.1
Project("{FAE04EC0-301F-11D3-BF4B-00C04F79EFBC}") = "App5.Android", "App5\App5.Android\App5.Android.csproj", "{78A18BDF-4787-49EB-B45B-74CC4DCC8F3E}"
EndProject
Project("{FAE04EC0-301F-11D3-BF4B-00C04F79EFBC}") = "App5", "App5\App5\App5.csproj", "{3F98AE8E-57A7-44E5-B07E-66786006AD49}"
EndProject
Global
	GlobalSection(SolutionConfigurationPlatforms) = preSolution
		Debug|Any CPU = Debug|Any CPU
		Release|Any CPU = Release|Any CPU
	EndGlobalSection
	GlobalSection(ProjectConfigurationPlatforms) = postSolution
		{78A18BDF-4787-49EB-B45B-74CC4DCC8F3E}.Debug|Any CPU.ActiveCfg = Debug|Any CPU
		{78A18BDF-4787-49EB-B45B-74CC4DCC8F3E}.Debug|Any CPU.Build.0 = Debug|Any CPU
		{78A18BDF-4787-49EB-B45B-74CC4DCC8F3E}.Debug|Any CPU.Deploy.0 = Debug|Any CPU
		{78A18BDF-4787-49EB-B45B-74CC4DCC8F3E}.Release|Any CPU.ActiveCfg = Release|Any CPU
		{78A18BDF-4787-49EB-B45B-74CC4DCC8F3E}.Release|Any CPU.Build.0 = Release|Any CPU
		{78A18BDF-4787-49EB-B45B-74CC4DCC8F3E}.Release|Any CPU.Deploy.0 = Release|Any CPU
		{3F98AE8E-57A7-44E5-B07E-66786006AD49}.Debug|Any CPU.ActiveCfg = Debug|Any CPU
		{3F98AE8E-57A7-44E5-B07E-66786006AD49}.Debug|Any CPU.Build.0 = Debug|Any CPU
		{3F98AE8E-57A7-44E5-B07E-66786006AD49}.Release|Any CPU.ActiveCfg = Release|Any CPU
		{3F98AE8E-57A7-44E5-B07E-66786006AD49}.Release|Any CPU.Build.0 = Release|Any CPU
	EndGlobalSection
	GlobalSection(SolutionProperties) = preSolution
		HideSolutionNode = FALSE
	EndGlobalSection
	GlobalSection(ExtensibilityGlobals) = postSolution
		SolutionGuid = {5E6DFD55-063A-4AA2-83C2-62D1199DB4F7}
	EndGlobalSection
EndGlobal
